
Microsoft Visual Studio Solution File, Format Version 12.00
# Visual Studio 15
VisualStudioVersion = 15.0.26430.14
MinimumVisualStudioVersion = 10.0.40219.1
Project("{FAE04EC0-301F-11D3-BF4B-00C04F79EFBC}") = "SharePointDeployOTron", "SharePointDeployOTron\SharePointDeployOTron.csproj", "{0A48C7B0-2242-425B-9E4E-4AE465555AFD}"
EndProject
Project("{FAE04EC0-301F-11D3-BF4B-00C04F79EFBC}") = "SharePointDeployOTron.Logic", "SharePointDeployOTron.Logic\SharePointDeployOTron.Logic.csproj", "{53CBCCA0-F496-4E77-9319-BBD7D898095C}"
EndProject
Project("{FAE04EC0-301F-11D3-BF4B-00C04F79EFBC}") = "SharePointDeployOTron.Watcher", "SharePointDeployOTron.Watcher\SharePointDeployOTron.Watcher.csproj", "{52796453-38B4-4EF2-B719-730B756CF9A6}"
EndProject
Global
	GlobalSection(SolutionConfigurationPlatforms) = preSolution
		Debug|Any CPU = Debug|Any CPU
		Release|Any CPU = Release|Any CPU
	EndGlobalSection
	GlobalSection(ProjectConfigurationPlatforms) = postSolution
		{0A48C7B0-2242-425B-9E4E-4AE465555AFD}.Debug|Any CPU.ActiveCfg = Debug|Any CPU
		{0A48C7B0-2242-425B-9E4E-4AE465555AFD}.Debug|Any CPU.Build.0 = Debug|Any CPU
		{0A48C7B0-2242-425B-9E4E-4AE465555AFD}.Release|Any CPU.ActiveCfg = Release|Any CPU
		{0A48C7B0-2242-425B-9E4E-4AE465555AFD}.Release|Any CPU.Build.0 = Release|Any CPU
		{53CBCCA0-F496-4E77-9319-BBD7D898095C}.Debug|Any CPU.ActiveCfg = Debug|Any CPU
		{53CBCCA0-F496-4E77-9319-BBD7D898095C}.Debug|Any CPU.Build.0 = Debug|Any CPU
		{53CBCCA0-F496-4E77-9319-BBD7D898095C}.Release|Any CPU.ActiveCfg = Release|Any CPU
		{53CBCCA0-F496-4E77-9319-BBD7D898095C}.Release|Any CPU.Build.0 = Release|Any CPU
		{52796453-38B4-4EF2-B719-730B756CF9A6}.Debug|Any CPU.ActiveCfg = Debug|Any CPU
		{52796453-38B4-4EF2-B719-730B756CF9A6}.Debug|Any CPU.Build.0 = Debug|Any CPU
		{52796453-38B4-4EF2-B719-730B756CF9A6}.Release|Any CPU.ActiveCfg = Release|Any CPU
		{52796453-38B4-4EF2-B719-730B756CF9A6}.Release|Any CPU.Build.0 = Release|Any CPU
	EndGlobalSection
	GlobalSection(SolutionProperties) = preSolution
		HideSolutionNode = FALSE
	EndGlobalSection
EndGlobal
